
Microsoft Visual Studio Solution File, Format Version 12.00
# Visual Studio Version 16
VisualStudioVersion = 16.0.30204.135
MinimumVisualStudioVersion = 10.0.40219.1
Project("{9A19103F-16F7-4668-BE54-9A1E7A4F7556}") = "N00019639", "N00019639\N00019639.csproj", "{0728E5D6-D1E4-42F5-9626-967CCA500325}"
EndProject
Global
	GlobalSection(SolutionConfigurationPlatforms) = preSolution
		Debug|Any CPU = Debug|Any CPU
		Release|Any CPU = Release|Any CPU
	EndGlobalSection
	GlobalSection(ProjectConfigurationPlatforms) = postSolution
		{0728E5D6-D1E4-42F5-9626-967CCA500325}.Debug|Any CPU.ActiveCfg = Debug|Any CPU
		{0728E5D6-D1E4-42F5-9626-967CCA500325}.Debug|Any CPU.Build.0 = Debug|Any CPU
		{0728E5D6-D1E4-42F5-9626-967CCA500325}.Release|Any CPU.ActiveCfg = Release|Any CPU
		{0728E5D6-D1E4-42F5-9626-967CCA500325}.Release|Any CPU.Build.0 = Release|Any CPU
	EndGlobalSection
	GlobalSection(SolutionProperties) = preSolution
		HideSolutionNode = FALSE
	EndGlobalSection
	GlobalSection(ExtensibilityGlobals) = postSolution
		SolutionGuid = {A1727025-F8DD-4EE3-9267-9E7F8FB471B0}
	EndGlobalSection
EndGlobal
